
Microsoft Visual Studio Solution File, Format Version 12.00
# Visual Studio Version 17
VisualStudioVersion = 17.3.32929.385
MinimumVisualStudioVersion = 10.0.40219.1
Project("{FAE04EC0-301F-11D3-BF4B-00C04F79EFBC}") = "FirstBlazorApp", "FirstBlazorApp\FirstBlazorApp.csproj", "{C4BCC0C3-6EC5-45D6-8921-691F7B7A693D}"
EndProject
Global
	GlobalSection(SolutionConfigurationPlatforms) = preSolution
		Debug|Any CPU = Debug|Any CPU
		Release|Any CPU = Release|Any CPU
	EndGlobalSection
	GlobalSection(ProjectConfigurationPlatforms) = postSolution
		{C4BCC0C3-6EC5-45D6-8921-691F7B7A693D}.Debug|Any CPU.ActiveCfg = Debug|Any CPU
		{C4BCC0C3-6EC5-45D6-8921-691F7B7A693D}.Debug|Any CPU.Build.0 = Debug|Any CPU
		{C4BCC0C3-6EC5-45D6-8921-691F7B7A693D}.Release|Any CPU.ActiveCfg = Release|Any CPU
		{C4BCC0C3-6EC5-45D6-8921-691F7B7A693D}.Release|Any CPU.Build.0 = Release|Any CPU
	EndGlobalSection
	GlobalSection(SolutionProperties) = preSolution
		HideSolutionNode = FALSE
	EndGlobalSection
	GlobalSection(ExtensibilityGlobals) = postSolution
		SolutionGuid = {54C8F023-7684-46E1-94C3-3ADDE2F14DD8}
	EndGlobalSection
EndGlobal
